PODS:
  - AFNetworking (3.1.0):
    - AFNetworking/NSURLSession (= 3.1.0)
    - AFNetworking/Reachability (= 3.1.0)
    - AFNetworking/Security (= 3.1.0)
    - AFNetworking/Serialization (= 3.1.0)
    - AFNetworking/UIKit (= 3.1.0)
  - AFNetworking/NSURLSession (3.1.0):
    - AFNetworking/Reachability
    - AFNetworking/Security
    - AFNetworking/Serialization
  - AFNetworking/Reachability (3.1.0)
  - AFNetworking/Security (3.1.0)
  - AFNetworking/Serialization (3.1.0)
  - AFNetworking/UIKit (3.1.0):
    - AFNetworking/NSURLSession
  - ASIHTTPRequest (1.8.2):
    - ASIHTTPRequest/ASIWebPageRequest (= 1.8.2)
    - ASIHTTPRequest/CloudFiles (= 1.8.2)
    - ASIHTTPRequest/Core (= 1.8.2)
    - ASIHTTPRequest/S3 (= 1.8.2)
  - ASIHTTPRequest/ASIWebPageRequest (1.8.2):
    - ASIHTTPRequest/Core
  - ASIHTTPRequest/CloudFiles (1.8.2):
    - ASIHTTPRequest/Core
  - ASIHTTPRequest/Core (1.8.2):
    - Reachability
  - ASIHTTPRequest/S3 (1.8.2):
    - ASIHTTPRequest/Core
  - Bugly (2.4.8)
  - FMDB (2.6.2):
    - FMDB/standard (= 2.6.2)
  - FMDB/standard (2.6.2)
  - Google-Mobile-Ads-SDK (7.25.0)
  - GYDataCenter (0.1.1):
    - FMDB
  - IQKeyboardManager (5.0.4)
  - JCore (1.1.6)
  - JPush (3.0.7):
    - JCore (~> 1.1.6)
  - JSONModel (1.7.0)
  - Masonry (1.1.0)
  - MBProgressHUD (1.0.0)
  - MJRefresh (3.1.14.1)
  - Pgyer (2.8.7)
  - PgyUpdate (1.5)
  - Reachability (3.2)
  - TYCyclePagerView (1.0.2)
  - UMengUShare/Core (6.4.6):
    - UMengUShare/Network
  - UMengUShare/Network (6.4.6)
  - UMengUShare/Social/ReducedQQ (6.4.6):
    - UMengUShare/Core
  - UMengUShare/Social/ReducedSina (6.4.6):
    - UMengUShare/Core
  - UMengUShare/Social/ReducedWeChat (6.4.6):
    - UMengUShare/Core
  - UMengUShare/UI (6.4.6):
    - UMengUShare/Core
  - WXWaveView (1.0.1)
  - YYCache (1.0.4)
  - YYImage (1.0.4):
    - YYImage/Core (= 1.0.4)
  - YYImage/Core (1.0.4)
  - YYImage/WebP (1.0.4):
    - YYImage/Core
  - YYWebImage (1.0.5):
    - YYCache
    - YYImage
  - ZFDownload (1.0.2):
    - ASIHTTPRequest

DEPENDENCIES:
  - AFNetworking
  - Bugly
  - FMDB (~> 2.6.2)
  - Google-Mobile-Ads-SDK
  - GYDataCenter
  - IQKeyboardManager
  - JPush
  - JSONModel
  - Masonry
  - MBProgressHUD
  - MJRefresh
  - Pgyer
  - PgyUpdate
  - TYCyclePagerView
  - UMengUShare/Social/ReducedQQ
  - UMengUShare/Social/ReducedSina
  - UMengUShare/Social/ReducedWeChat
  - UMengUShare/UI
  - WXWaveView
  - YYImage/WebP
  - YYWebImage
  - ZFDownload

SPEC CHECKSUMS:
  AFNetworking: 5e0e199f73d8626b11e79750991f5d173d1f8b67
  ASIHTTPRequest: ec013992946676b7978dcbde6396d57312d21db4
  Bugly: da3c02408c14838d498429320545a8e439392978
  FMDB: 854a0341b4726e53276f2a8996f06f1b80f9259a
  Google-Mobile-Ads-SDK: 113804f266381a30f982ad3c18063d4e0155414f
  GYDataCenter: 620dc2564589f50d2370a691303e0d7215f7c0af
  IQKeyboardManager: 1df9c0f147af1681cfb2d9977bc30309d45a7e76
  JCore: 18fc8725124f26e55625eaf224659b3a999dcf63
  JPush: 111b79b8a0169ab8fd4c486dac3ed166ed69293e
  JSONModel: 840bc0fcffb24b8454d2c026bf26fea454b8e98d
  Masonry: 678fab65091a9290e40e2832a55e7ab731aad201
  MBProgressHUD: 4890f671c94e8a0f3cf959aa731e9de2f036d71a
  MJRefresh: 238e6a37e2dba12160ee3b79f6d2a2b26abcab42
  Pgyer: 94e52b954e7595c86fa5ba70a154cb1d31d4be0d
  PgyUpdate: bad71685b91bba4aa520b7fe29356a476700fdf2
  Reachability: 33e18b67625424e47b6cde6d202dce689ad7af96
  TYCyclePagerView: c51924fa62092cca3f0cac326eb87c3c919f7597
  UMengUShare: fdbbf86353976727af26a66e9a84314ecb59c816
  WXWaveView: f8424284812536a3842bc5dd9afb943e53e911a8
  YYCache: 8105b6638f5e849296c71f331ff83891a4942952
  YYImage: 1e1b62a9997399593e4b9c4ecfbbabbf1d3f3b54
  YYWebImage: 5f7f36aee2ae293f016d418c7d6ba05c4863e928
  ZFDownload: a52f94ebb080833b8a8ceb19a409f2941343fe7f

PODFILE CHECKSUM: 30fdfa56312fe23df673bb31f29d984b88ca5b37

COCOAPODS: 1.2.1
